Microsoft Visual Studio Solution File, Format Version 12.00
# Visual Studio Version 17
VisualStudioVersion = 17.5.2.0
MinimumVisualStudioVersion = 10.0.40219.1
Project("{FAE04EC0-301F-11D3-BF4B-00C04F79EFBC}") = "smart-enum", "smart-enum.csproj", "{161CCFED-E829-0B01-FC45-84712189349C}"
EndProject
Global
	GlobalSection(SolutionConfigurationPlatforms) = preSolution
		Debug|Any CPU = Debug|Any CPU
		Release|Any CPU = Release|Any CPU
	EndGlobalSection
	GlobalSection(ProjectConfigurationPlatforms) = postSolution
		{161CCFED-E829-0B01-FC45-84712189349C}.Debug|Any CPU.ActiveCfg = Debug|Any CPU
		{161CCFED-E829-0B01-FC45-84712189349C}.Debug|Any CPU.Build.0 = Debug|Any CPU
		{161CCFED-E829-0B01-FC45-84712189349C}.Release|Any CPU.ActiveCfg = Release|Any CPU
		{161CCFED-E829-0B01-FC45-84712189349C}.Release|Any CPU.Build.0 = Release|Any CPU
	EndGlobalSection
	GlobalSection(SolutionProperties) = preSolution
		HideSolutionNode = FALSE
	EndGlobalSection
	GlobalSection(ExtensibilityGlobals) = postSolution
		SolutionGuid = {D3DC3A20-1543-49A2-A9B2-083328281DC5}
	EndGlobalSection
EndGlobal
